
Microsoft Visual Studio Solution File, Format Version 12.00
# Visual Studio Version 16
VisualStudioVersion = 16.0.30503.244
MinimumVisualStudioVersion = 10.0.40219.1
Project("{FAE04EC0-301F-11D3-BF4B-00C04F79EFBC}") = "CheckCredit", "CheckCredit.csproj", "{37B8A281-8828-48CF-B80E-1A48681E677B}"
EndProject
Global
	GlobalSection(SolutionConfigurationPlatforms) = preSolution
		Debug|Any CPU = Debug|Any CPU
		Release|Any CPU = Release|Any CPU
	EndGlobalSection
	GlobalSection(ProjectConfigurationPlatforms) = postSolution
		{37B8A281-8828-48CF-B80E-1A48681E677B}.Debug|Any CPU.ActiveCfg = Debug|Any CPU
		{37B8A281-8828-48CF-B80E-1A48681E677B}.Debug|Any CPU.Build.0 = Debug|Any CPU
		{37B8A281-8828-48CF-B80E-1A48681E677B}.Release|Any CPU.ActiveCfg = Release|Any CPU
		{37B8A281-8828-48CF-B80E-1A48681E677B}.Release|Any CPU.Build.0 = Release|Any CPU
	EndGlobalSection
	GlobalSection(SolutionProperties) = preSolution
		HideSolutionNode = FALSE
	EndGlobalSection
	GlobalSection(ExtensibilityGlobals) = postSolution
		SolutionGuid = {3A169C77-05BB-402B-83FB-2CED76B001E7}
	EndGlobalSection
EndGlobal
